<?xml version="1.0" encoding="UTF-8" standalone="yes" ?>
<CodeBlocks_project_file>
	<FileVersion major="1" minor="6" />
	<Project>
		<Option title="StructdotHdotCBuilder" />
		<Option pch_mode="2" />
		<Option compiler="gcc" />
		<Build>
			<Target title="Debug">
				<Option output="bin/Debug/StructdotHdotCBuilder" prefix_auto="1" extension_auto="1" />
				<Option object_output="obj/Debug/" />
				<Option type="1" />
				<Option compiler="gcc" />
				<Compiler>
					<Add option="-g" />
				</Compiler>
			</Target>
			<Target title="Release">
				<Option output="bin/Release/StructdotHdotCBuilder" prefix_auto="1" extension_auto="1" />
				<Option object_output="obj/Release/" />
				<Option type="1" />
				<Option compiler="gcc" />
				<Compiler>
					<Add option="-O2" />
				</Compiler>
				<Linker>
					<Add option="-s" />
				</Linker>
			</Target>
		</Build>
		<Compiler>
			<Add option="-Wall" />
		</Compiler>
		<Unit filename="Controller.h" />
		<Unit filename="LinkedList.h" />
		<Unit filename="Parser.h" />
		<Unit filename="Src/LinkedList.c">
			<Option compilerVar="CC" />
		</Unit>
		<Unit filename="Src/boolib.c">
			<Option compilerVar="CC" />
		</Unit>
		<Unit filename="Src/steart.c">
			<Option compilerVar="CC" />
		</Unit>
		<Unit filename="Src/utn.c">
			<Option compilerVar="CC" />
		</Unit>
		<Unit filename="Src/valib.c">
			<Option compilerVar="CC" />
		</Unit>
		<Unit filename="boolib.h" />
		<Unit filename="main.c">
			<Option compilerVar="CC" />
		</Unit>
		<Unit filename="mesure.h" />
		<Unit filename="pntmenu.h" />
		<Unit filename="sPersona.c">
			<Option compilerVar="CC" />
		</Unit>
		<Unit filename="sUser.h" />
		<Unit filename="steart.h" />
		<Unit filename="utn.h" />
		<Unit filename="valib.h" />
		<Extensions>
			<code_completion />
			<envvars />
			<debugger />
		</Extensions>
	</Project>
</CodeBlocks_project_file>
